
Microsoft Visual Studio Solution File, Format Version 12.00
# Visual Studio Version 16
VisualStudioVersion = 16.0.31229.75
MinimumVisualStudioVersion = 10.0.40219.1
Project("{2150E333-8FDC-42A3-9474-1A3956D46DE8}") = "Doc", "Doc", "{6C6E01A1-C998-4050-83A2-452C85271CC0}"
EndProject
Project("{2150E333-8FDC-42A3-9474-1A3956D46DE8}") = "Src", "Src", "{596631CA-D25E-4C8C-8EBC-C10FFC74CDC7}"
EndProject
Project("{2150E333-8FDC-42A3-9474-1A3956D46DE8}") = "Test", "Test", "{AD05BE97-282E-44E1-81F4-A1F8924F1843}"
EndProject
Project("{2150E333-8FDC-42A3-9474-1A3956D46DE8}") = "Core", "Core", "{83BC6C28-4C9D-44CA-A467-8F1F14BEA41C}"
EndProject
Project("{2150E333-8FDC-42A3-9474-1A3956D46DE8}") = "Infrastructure", "Infrastructure", "{55D8A830-31A2-4CBB-A36F-570BD576654B}"
EndProject
Project("{2150E333-8FDC-42A3-9474-1A3956D46DE8}") = "Presentation", "Presentation", "{259523C6-C0D4-4B4F-8E26-3FB77CDF736C}"
EndProject
Project("{2150E333-8FDC-42A3-9474-1A3956D46DE8}") = "Common", "Common", "{4E1BDE1F-F788-4A65-87B9-97BA5260663E}"
EndProject
Project("{FAE04EC0-301F-11D3-BF4B-00C04F79EFBC}") = "DigiMarket.Domain", "DigiMarket.Domain\DigiMarket.Domain.csproj", "{2707B5EA-13A3-4253-9510-C58401477EC7}"
EndProject
Project("{FAE04EC0-301F-11D3-BF4B-00C04F79EFBC}") = "DigiMarket.Application", "DigiMarket.Application\DigiMarket.Application.csproj", "{F223F9EE-8FDB-4182-9A63-5FFBA716838C}"
EndProject
Project("{FAE04EC0-301F-11D3-BF4B-00C04F79EFBC}") = "DigiMarket.Infrastructure", "DigiMarket.Infrastructure\DigiMarket.Infrastructure.csproj", "{86C7A7CC-5DF8-436C-88ED-4A11D85FA312}"
EndProject
Project("{FAE04EC0-301F-11D3-BF4B-00C04F79EFBC}") = "DigiMarket.Persistence", "DigiMarket.Persistence\DigiMarket.Persistence.csproj", "{3BD97DC9-11A1-424B-8E62-4194327EB656}"
EndProject
Project("{FAE04EC0-301F-11D3-BF4B-00C04F79EFBC}") = "DigiMarket.Common", "DigiMarket.Common\DigiMarket.Common.csproj", "{315D402B-BEA7-4E25-8FE7-A7A54D596814}"
EndProject
Project("{FAE04EC0-301F-11D3-BF4B-00C04F79EFBC}") = "EndPoint.DigiMarket", "EndPoint.DigiMarket\EndPoint.DigiMarket.csproj", "{DFF686F5-EACA-4366-9606-1AF1C09D5615}"
EndProject
Global
	GlobalSection(SolutionConfigurationPlatforms) = preSolution
		Debug|Any CPU = Debug|Any CPU
		Release|Any CPU = Release|Any CPU
	EndGlobalSection
	GlobalSection(ProjectConfigurationPlatforms) = postSolution
		{2707B5EA-13A3-4253-9510-C58401477EC7}.Debug|Any CPU.ActiveCfg = Debug|Any CPU
		{2707B5EA-13A3-4253-9510-C58401477EC7}.Debug|Any CPU.Build.0 = Debug|Any CPU
		{2707B5EA-13A3-4253-9510-C58401477EC7}.Release|Any CPU.ActiveCfg = Release|Any CPU
		{2707B5EA-13A3-4253-9510-C58401477EC7}.Release|Any CPU.Build.0 = Release|Any CPU
		{F223F9EE-8FDB-4182-9A63-5FFBA716838C}.Debug|Any CPU.ActiveCfg = Debug|Any CPU
		{F223F9EE-8FDB-4182-9A63-5FFBA716838C}.Debug|Any CPU.Build.0 = Debug|Any CPU
		{F223F9EE-8FDB-4182-9A63-5FFBA716838C}.Release|Any CPU.ActiveCfg = Release|Any CPU
		{F223F9EE-8FDB-4182-9A63-5FFBA716838C}.Release|Any CPU.Build.0 = Release|Any CPU
		{86C7A7CC-5DF8-436C-88ED-4A11D85FA312}.Debug|Any CPU.ActiveCfg = Debug|Any CPU
		{86C7A7CC-5DF8-436C-88ED-4A11D85FA312}.Debug|Any CPU.Build.0 = Debug|Any CPU
		{86C7A7CC-5DF8-436C-88ED-4A11D85FA312}.Release|Any CPU.ActiveCfg = Release|Any CPU
		{86C7A7CC-5DF8-436C-88ED-4A11D85FA312}.Release|Any CPU.Build.0 = Release|Any CPU
		{3BD97DC9-11A1-424B-8E62-4194327EB656}.Debug|Any CPU.ActiveCfg = Debug|Any CPU
		{3BD97DC9-11A1-424B-8E62-4194327EB656}.Debug|Any CPU.Build.0 = Debug|Any CPU
		{3BD97DC9-11A1-424B-8E62-4194327EB656}.Release|Any CPU.ActiveCfg = Release|Any CPU
		{3BD97DC9-11A1-424B-8E62-4194327EB656}.Release|Any CPU.Build.0 = Release|Any CPU
		{315D402B-BEA7-4E25-8FE7-A7A54D596814}.Debug|Any CPU.ActiveCfg = Debug|Any CPU
		{315D402B-BEA7-4E25-8FE7-A7A54D596814}.Debug|Any CPU.Build.0 = Debug|Any CPU
		{315D402B-BEA7-4E25-8FE7-A7A54D596814}.Release|Any CPU.ActiveCfg = Release|Any CPU
		{315D402B-BEA7-4E25-8FE7-A7A54D596814}.Release|Any CPU.Build.0 = Release|Any CPU
		{DFF686F5-EACA-4366-9606-1AF1C09D5615}.Debug|Any CPU.ActiveCfg = Debug|Any CPU
		{DFF686F5-EACA-4366-9606-1AF1C09D5615}.Debug|Any CPU.Build.0 = Debug|Any CPU
		{DFF686F5-EACA-4366-9606-1AF1C09D5615}.Release|Any CPU.ActiveCfg = Release|Any CPU
		{DFF686F5-EACA-4366-9606-1AF1C09D5615}.Release|Any CPU.Build.0 = Release|Any CPU
	EndGlobalSection
	GlobalSection(SolutionProperties) = preSolution
		HideSolutionNode = FALSE
	EndGlobalSection
	GlobalSection(NestedProjects) = preSolution
		{83BC6C28-4C9D-44CA-A467-8F1F14BEA41C} = {596631CA-D25E-4C8C-8EBC-C10FFC74CDC7}
		{55D8A830-31A2-4CBB-A36F-570BD576654B} = {596631CA-D25E-4C8C-8EBC-C10FFC74CDC7}
		{259523C6-C0D4-4B4F-8E26-3FB77CDF736C} = {596631CA-D25E-4C8C-8EBC-C10FFC74CDC7}
		{4E1BDE1F-F788-4A65-87B9-97BA5260663E} = {596631CA-D25E-4C8C-8EBC-C10FFC74CDC7}
		{2707B5EA-13A3-4253-9510-C58401477EC7} = {83BC6C28-4C9D-44CA-A467-8F1F14BEA41C}
		{F223F9EE-8FDB-4182-9A63-5FFBA716838C} = {83BC6C28-4C9D-44CA-A467-8F1F14BEA41C}
		{86C7A7CC-5DF8-436C-88ED-4A11D85FA312} = {55D8A830-31A2-4CBB-A36F-570BD576654B}
		{3BD97DC9-11A1-424B-8E62-4194327EB656} = {55D8A830-31A2-4CBB-A36F-570BD576654B}
		{315D402B-BEA7-4E25-8FE7-A7A54D596814} = {4E1BDE1F-F788-4A65-87B9-97BA5260663E}
		{DFF686F5-EACA-4366-9606-1AF1C09D5615} = {259523C6-C0D4-4B4F-8E26-3FB77CDF736C}
	EndGlobalSection
	GlobalSection(ExtensibilityGlobals) = postSolution
		SolutionGuid = {BA2E831A-90CB-430B-B6A2-8AAD923FAB16}
	EndGlobalSection
EndGlobal
